// !$*UTF8*$!
{
	archiveVersion = 1;
	classes = {
	};
	objectVersion = 56;
	objects = {

/* Begin PBXBuildFile section */
		E32439A92C80A36C0081D57E /* MovieWatchListApp.swift in Sources */ = {isa = PBXBuildFile; fileRef = E32439A82C80A36C0081D57E /* MovieWatchListApp.swift */; };
		E32439AD2C80A36C0081D57E /* Assets.xcassets in Resources */ = {isa = PBXBuildFile; fileRef = E32439AC2C80A36C0081D57E /* Assets.xcassets */; };
		E32439B02C80A36C0081D57E /* Preview Assets.xcassets in Resources */ = {isa = PBXBuildFile; fileRef = E32439AF2C80A36C0081D57E /* Preview Assets.xcassets */; };
		E32439BA2C80A36C0081D57E /* MovieWatchListTests.swift in Sources */ = {isa = PBXBuildFile; fileRef = E32439B92C80A36C0081D57E /* MovieWatchListTests.swift */; };
		E32439C42C80A36C0081D57E /* MovieWatchListUITests.swift in Sources */ = {isa = PBXBuildFile; fileRef = E32439C32C80A36C0081D57E /* MovieWatchListUITests.swift */; };
		E32439C62C80A36C0081D57E /* MovieWatchListUITestsLaunchTests.swift in Sources */ = {isa = PBXBuildFile; fileRef = E32439C52C80A36C0081D57E /* MovieWatchListUITestsLaunchTests.swift */; };
		E32439D32C80A38B0081D57E /* SplashView.swift in Sources */ = {isa = PBXBuildFile; fileRef = E32439D22C80A38B0081D57E /* SplashView.swift */; };
		E32439D52C80A3DA0081D57E /* onboardingView.swift in Sources */ = {isa = PBXBuildFile; fileRef = E32439D42C80A3DA0081D57E /* onboardingView.swift */; };
		E32439E02C80A6870081D57E /* HomeView.swift in Sources */ = {isa = PBXBuildFile; fileRef = E32439DF2C80A6870081D57E /* HomeView.swift */; };
		E32439E22C80A7510081D57E /* tmdbapi.plist in Resources */ = {isa = PBXBuildFile; fileRef = E32439E12C80A7510081D57E /* tmdbapi.plist */; };
		E32439E42C80A7960081D57E /* Movie.swift in Sources */ = {isa = PBXBuildFile; fileRef = E32439E32C80A7960081D57E /* Movie.swift */; };
		E32439E62C80A7DD0081D57E /* MovieService.swift in Sources */ = {isa = PBXBuildFile; fileRef = E32439E52C80A7DD0081D57E /* MovieService.swift */; };
		E32439E82C80A8360081D57E /* PopularMoviesView.swift in Sources */ = {isa = PBXBuildFile; fileRef = E32439E72C80A8360081D57E /* PopularMoviesView.swift */; };
		E32439EA2C80A9C70081D57E /* SearchView.swift in Sources */ = {isa = PBXBuildFile; fileRef = E32439E92C80A9C70081D57E /* SearchView.swift */; };
		E32439EC2C80AF390081D57E /* MovieDetailView.swift in Sources */ = {isa = PBXBuildFile; fileRef = E32439EB2C80AF390081D57E /* MovieDetailView.swift */; };
		E3243A012C816C610081D57E /* WatchListView.swift in Sources */ = {isa = PBXBuildFile; fileRef = E3243A002C816C610081D57E /* WatchListView.swift */; };
		E3243A032C816C920081D57E /* WatchedView.swift in Sources */ = {isa = PBXBuildFile; fileRef = E3243A022C816C920081D57E /* WatchedView.swift */; };
		E38933BF2C816EF000F1F477 /* MovieStorage.swift in Sources */ = {isa = PBXBuildFile; fileRef = E38933BE2C816EF000F1F477 /* MovieStorage.swift */; };
		E3F45E2C2C8B48AD0049A053 /* SplashViewModel.swift in Sources */ = {isa = PBXBuildFile; fileRef = E3F45E2B2C8B48AD0049A053 /* SplashViewModel.swift */; };
		E3F45E2E2C8B495D0049A053 /* OnboardingViewModel.swift in Sources */ = {isa = PBXBuildFile; fileRef = E3F45E2D2C8B495D0049A053 /* OnboardingViewModel.swift */; };
		E3F45E302C8B4B910049A053 /* PopularMoviesViewModel.swift in Sources */ = {isa = PBXBuildFile; fileRef = E3F45E2F2C8B4B910049A053 /* PopularMoviesViewModel.swift */; };
		E3F45E322C8B4C5A0049A053 /* SearchViewModel.swift in Sources */ = {isa = PBXBuildFile; fileRef = E3F45E312C8B4C5A0049A053 /* SearchViewModel.swift */; };
		E3F45E342C8B5B5D0049A053 /* MovieDetailViewModel.swift in Sources */ = {isa = PBXBuildFile; fileRef = E3F45E332C8B5B5D0049A053 /* MovieDetailViewModel.swift */; };
		E3F45E362C8B61320049A053 /* WatchListViewModel.swift in Sources */ = {isa = PBXBuildFile; fileRef = E3F45E352C8B61320049A053 /* WatchListViewModel.swift */; };
		E3F45E382C8B61940049A053 /* WatchedViewModel.swift in Sources */ = {isa = PBXBuildFile; fileRef = E3F45E372C8B61940049A053 /* WatchedViewModel.swift */; };
/* End PBXBuildFile section */

/* Begin PBXContainerItemProxy section */
		E32439B62C80A36C0081D57E /* PBXContainerItemProxy */ = {
			isa = PBXContainerItemProxy;
			containerPortal = E324399D2C80A36C0081D57E /* Project object */;
			proxyType = 1;
			remoteGlobalIDString = E32439A42C80A36C0081D57E;
			remoteInfo = MovieWatchList;
		};
		E32439C02C80A36C0081D57E /* PBXContainerItemProxy */ = {
			isa = PBXContainerItemProxy;
			containerPortal = E324399D2C80A36C0081D57E /* Project object */;
			proxyType = 1;
			remoteGlobalIDString = E32439A42C80A36C0081D57E;
			remoteInfo = MovieWatchList;
		};
/* End PBXContainerItemProxy section */

/* Begin PBXFileReference section */
		E32439A52C80A36C0081D57E /* MovieWatchList.app */ = {isa = PBXFileReference; explicitFileType = wrapper.application; includeInIndex = 0; path = MovieWatchList.app; sourceTree = BUILT_PRODUCTS_DIR; };
		E32439A82C80A36C0081D57E /* MovieWatchListApp.swift */ = {isa = PBXFileReference; lastKnownFileType = sourcecode.swift; path = MovieWatchListApp.swift; sourceTree = "<group>"; };
		E32439AC2C80A36C0081D57E /* Assets.xcassets */ = {isa = PBXFileReference; lastKnownFileType = folder.assetcatalog; path = Assets.xcassets; sourceTree = "<group>"; };
		E32439AF2C80A36C0081D57E /* Preview Assets.xcassets */ = {isa = PBXFileReference; lastKnownFileType = folder.assetcatalog; path = "Preview Assets.xcassets"; sourceTree = "<group>"; };
		E32439B52C80A36C0081D57E /* MovieWatchListTests.xctest */ = {isa = PBXFileReference; explicitFileType = wrapper.cfbundle; includeInIndex = 0; path = MovieWatchListTests.xctest; sourceTree = BUILT_PRODUCTS_DIR; };
		E32439B92C80A36C0081D57E /* MovieWatchListTests.swift */ = {isa = PBXFileReference; lastKnownFileType = sourcecode.swift; path = MovieWatchListTests.swift; sourceTree = "<group>"; };
		E32439BF2C80A36C0081D57E /* MovieWatchListUITests.xctest */ = {isa = PBXFileReference; explicitFileType = wrapper.cfbundle; includeInIndex = 0; path = MovieWatchListUITests.xctest; sourceTree = BUILT_PRODUCTS_DIR; };
		E32439C32C80A36C0081D57E /* MovieWatchListUITests.swift */ = {isa = PBXFileReference; lastKnownFileType = sourcecode.swift; path = MovieWatchListUITests.swift; sourceTree = "<group>"; };
		E32439C52C80A36C0081D57E /* MovieWatchListUITestsLaunchTests.swift */ = {isa = PBXFileReference; lastKnownFileType = sourcecode.swift; path = MovieWatchListUITestsLaunchTests.swift; sourceTree = "<group>"; };
		E32439D22C80A38B0081D57E /* SplashView.swift */ = {isa = PBXFileReference; lastKnownFileType = sourcecode.swift; path = SplashView.swift; sourceTree = "<group>"; };
		E32439D42C80A3DA0081D57E /* onboardingView.swift */ = {isa = PBXFileReference; lastKnownFileType = sourcecode.swift; path = onboardingView.swift; sourceTree = "<group>"; };
		E32439DF2C80A6870081D57E /* HomeView.swift */ = {isa = PBXFileReference; lastKnownFileType = sourcecode.swift; path = HomeView.swift; sourceTree = "<group>"; };
		E32439E12C80A7510081D57E /* tmdbapi.plist */ = {isa = PBXFileReference; lastKnownFileType = text.plist.xml; path = tmdbapi.plist; sourceTree = "<group>"; };
		E32439E32C80A7960081D57E /* Movie.swift */ = {isa = PBXFileReference; lastKnownFileType = sourcecode.swift; path = Movie.swift; sourceTree = "<group>"; };
		E32439E52C80A7DD0081D57E /* MovieService.swift */ = {isa = PBXFileReference; lastKnownFileType = sourcecode.swift; path = MovieService.swift; sourceTree = "<group>"; };
		E32439E72C80A8360081D57E /* PopularMoviesView.swift */ = {isa = PBXFileReference; lastKnownFileType = sourcecode.swift; path = PopularMoviesView.swift; sourceTree = "<group>"; };
		E32439E92C80A9C70081D57E /* SearchView.swift */ = {isa = PBXFileReference; lastKnownFileType = sourcecode.swift; path = SearchView.swift; sourceTree = "<group>"; };
		E32439EB2C80AF390081D57E /* MovieDetailView.swift */ = {isa = PBXFileReference; lastKnownFileType = sourcecode.swift; path = MovieDetailView.swift; sourceTree = "<group>"; };
		E3243A002C816C610081D57E /* WatchListView.swift */ = {isa = PBXFileReference; lastKnownFileType = sourcecode.swift; path = WatchListView.swift; sourceTree = "<group>"; };
		E3243A022C816C920081D57E /* WatchedView.swift */ = {isa = PBXFileReference; lastKnownFileType = sourcecode.swift; path = WatchedView.swift; sourceTree = "<group>"; };
		E38933BE2C816EF000F1F477 /* MovieStorage.swift */ = {isa = PBXFileReference; lastKnownFileType = sourcecode.swift; path = MovieStorage.swift; sourceTree = "<group>"; };
		E3F45E2B2C8B48AD0049A053 /* SplashViewModel.swift */ = {isa = PBXFileReference; lastKnownFileType = sourcecode.swift; path = SplashViewModel.swift; sourceTree = "<group>"; };
		E3F45E2D2C8B495D0049A053 /* OnboardingViewModel.swift */ = {isa = PBXFileReference; lastKnownFileType = sourcecode.swift; path = OnboardingViewModel.swift; sourceTree = "<group>"; };
		E3F45E2F2C8B4B910049A053 /* PopularMoviesViewModel.swift */ = {isa = PBXFileReference; lastKnownFileType = sourcecode.swift; path = PopularMoviesViewModel.swift; sourceTree = "<group>"; };
		E3F45E312C8B4C5A0049A053 /* SearchViewModel.swift */ = {isa = PBXFileReference; lastKnownFileType = sourcecode.swift; path = SearchViewModel.swift; sourceTree = "<group>"; };
		E3F45E332C8B5B5D0049A053 /* MovieDetailViewModel.swift */ = {isa = PBXFileReference; lastKnownFileType = sourcecode.swift; path = MovieDetailViewModel.swift; sourceTree = "<group>"; };
		E3F45E352C8B61320049A053 /* WatchListViewModel.swift */ = {isa = PBXFileReference; lastKnownFileType = sourcecode.swift; path = WatchListViewModel.swift; sourceTree = "<group>"; };
		E3F45E372C8B61940049A053 /* WatchedViewModel.swift */ = {isa = PBXFileReference; lastKnownFileType = sourcecode.swift; path = WatchedViewModel.swift; sourceTree = "<group>"; };
/* End PBXFileReference section */

/* Begin PBXFrameworksBuildPhase section */
		E32439A22C80A36C0081D57E /* Frameworks */ = {
			isa = PBXFrameworksBuildPhase;
			buildActionMask = 2147483647;
			files = (
			);
			runOnlyForDeploymentPostprocessing = 0;
		};
		E32439B22C80A36C0081D57E /* Frameworks */ = {
			isa = PBXFrameworksBuildPhase;
			buildActionMask = 2147483647;
			files = (
			);
			runOnlyForDeploymentPostprocessing = 0;
		};
		E32439BC2C80A36C0081D57E /* Frameworks */ = {
			isa = PBXFrameworksBuildPhase;
			buildActionMask = 2147483647;
			files = (
			);
			runOnlyForDeploymentPostprocessing = 0;
		};
/* End PBXFrameworksBuildPhase section */

/* Begin PBXGroup section */
		E324399C2C80A36C0081D57E = {
			isa = PBXGroup;
			children = (
				E32439A72C80A36C0081D57E /* MovieWatchList */,
				E32439B82C80A36C0081D57E /* MovieWatchListTests */,
				E32439C22C80A36C0081D57E /* MovieWatchListUITests */,
				E32439A62C80A36C0081D57E /* Products */,
			);
			sourceTree = "<group>";
		};
		E32439A62C80A36C0081D57E /* Products */ = {
			isa = PBXGroup;
			children = (
				E32439A52C80A36C0081D57E /* MovieWatchList.app */,
				E32439B52C80A36C0081D57E /* MovieWatchListTests.xctest */,
				E32439BF2C80A36C0081D57E /* MovieWatchListUITests.xctest */,
			);
			name = Products;
			sourceTree = "<group>";
		};
		E32439A72C80A36C0081D57E /* MovieWatchList */ = {
			isa = PBXGroup;
			children = (
				E3F45E2A2C8B489C0049A053 /* ViewModels */,
				E32439DE2C80A6790081D57E /* Views */,
				E32439A82C80A36C0081D57E /* MovieWatchListApp.swift */,
				E32439AC2C80A36C0081D57E /* Assets.xcassets */,
				E32439AE2C80A36C0081D57E /* Preview Content */,
				E32439E32C80A7960081D57E /* Movie.swift */,
				E32439E52C80A7DD0081D57E /* MovieService.swift */,
				E38933BE2C816EF000F1F477 /* MovieStorage.swift */,
			);
			path = MovieWatchList;
			sourceTree = "<group>";
		};
		E32439AE2C80A36C0081D57E /* Preview Content */ = {
			isa = PBXGroup;
			children = (
				E32439AF2C80A36C0081D57E /* Preview Assets.xcassets */,
			);
			path = "Preview Content";
			sourceTree = "<group>";
		};
		E32439B82C80A36C0081D57E /* MovieWatchListTests */ = {
			isa = PBXGroup;
			children = (
				E32439B92C80A36C0081D57E /* MovieWatchListTests.swift */,
			);
			path = MovieWatchListTests;
			sourceTree = "<group>";
		};
		E32439C22C80A36C0081D57E /* MovieWatchListUITests */ = {
			isa = PBXGroup;
			children = (
				E32439C32C80A36C0081D57E /* MovieWatchListUITests.swift */,
				E32439C52C80A36C0081D57E /* MovieWatchListUITestsLaunchTests.swift */,
			);
			path = MovieWatchListUITests;
			sourceTree = "<group>";
		};
		E32439DE2C80A6790081D57E /* Views */ = {
			isa = PBXGroup;
			children = (
				E32439D42C80A3DA0081D57E /* onboardingView.swift */,
				E3243A002C816C610081D57E /* WatchListView.swift */,
				E32439DF2C80A6870081D57E /* HomeView.swift */,
				E3243A022C816C920081D57E /* WatchedView.swift */,
				E32439D22C80A38B0081D57E /* SplashView.swift */,
				E32439E12C80A7510081D57E /* tmdbapi.plist */,
				E32439E72C80A8360081D57E /* PopularMoviesView.swift */,
				E32439E92C80A9C70081D57E /* SearchView.swift */,
				E32439EB2C80AF390081D57E /* MovieDetailView.swift */,
			);
			path = Views;
			sourceTree = "<group>";
		};
		E3F45E2A2C8B489C0049A053 /* ViewModels */ = {
			isa = PBXGroup;
			children = (
				E3F45E2B2C8B48AD0049A053 /* SplashViewModel.swift */,
				E3F45E2D2C8B495D0049A053 /* OnboardingViewModel.swift */,
				E3F45E2F2C8B4B910049A053 /* PopularMoviesViewModel.swift */,
				E3F45E312C8B4C5A0049A053 /* SearchViewModel.swift */,
				E3F45E332C8B5B5D0049A053 /* MovieDetailViewModel.swift */,
				E3F45E352C8B61320049A053 /* WatchListViewModel.swift */,
				E3F45E372C8B61940049A053 /* WatchedViewModel.swift */,
			);
			path = ViewModels;
			sourceTree = "<group>";
		};
/* End PBXGroup section */

/* Begin PBXNativeTarget section */
		E32439A42C80A36C0081D57E /* MovieWatchList */ = {
			isa = PBXNativeTarget;
			buildConfigurationList = E32439C92C80A36C0081D57E /* Build configuration list for PBXNativeTarget "MovieWatchList" */;
			buildPhases = (
				E32439A12C80A36C0081D57E /* Sources */,
				E32439A22C80A36C0081D57E /* Frameworks */,
				E32439A32C80A36C0081D57E /* Resources */,
			);
			buildRules = (
			);
			dependencies = (
			);
			name = MovieWatchList;
			productName = MovieWatchList;
			productReference = E32439A52C80A36C0081D57E /* MovieWatchList.app */;
			productType = "com.apple.product-type.application";
		};
		E32439B42C80A36C0081D57E /* MovieWatchListTests */ = {
			isa = PBXNativeTarget;
			buildConfigurationList = E32439CC2C80A36C0081D57E /* Build configuration list for PBXNativeTarget "MovieWatchListTests" */;
			buildPhases = (
				E32439B12C80A36C0081D57E /* Sources */,
				E32439B22C80A36C0081D57E /* Frameworks */,
				E32439B32C80A36C0081D57E /* Resources */,
			);
			buildRules = (
			);
			dependencies = (
				E32439B72C80A36C0081D57E /* PBXTargetDependency */,
			);
			name = MovieWatchListTests;
			productName = MovieWatchListTests;
			productReference = E32439B52C80A36C0081D57E /* MovieWatchListTests.xctest */;
			productType = "com.apple.product-type.bundle.unit-test";
		};
		E32439BE2C80A36C0081D57E /* MovieWatchListUITests */ = {
			isa = PBXNativeTarget;
			buildConfigurationList = E32439CF2C80A36C0081D57E /* Build configuration list for PBXNativeTarget "MovieWatchListUITests" */;
			buildPhases = (
				E32439BB2C80A36C0081D57E /* Sources */,
				E32439BC2C80A36C0081D57E /* Frameworks */,
				E32439BD2C80A36C0081D57E /* Resources */,
			);
			buildRules = (
			);
			dependencies = (
				E32439C12C80A36C0081D57E /* PBXTargetDependency */,
			);
			name = MovieWatchListUITests;
			productName = MovieWatchListUITests;
			productReference = E32439BF2C80A36C0081D57E /* MovieWatchListUITests.xctest */;
			productType = "com.apple.product-type.bundle.ui-testing";
		};
/* End PBXNativeTarget section */

/* Begin PBXProject section */
		E324399D2C80A36C0081D57E /* Project object */ = {
			isa = PBXProject;
			attributes = {
				BuildIndependentTargetsInParallel = 1;
				LastSwiftUpdateCheck = 1540;
				LastUpgradeCheck = 1540;
				TargetAttributes = {
					E32439A42C80A36C0081D57E = {
						CreatedOnToolsVersion = 15.4;
					};
					E32439B42C80A36C0081D57E = {
						CreatedOnToolsVersion = 15.4;
						TestTargetID = E32439A42C80A36C0081D57E;
					};
					E32439BE2C80A36C0081D57E = {
						CreatedOnToolsVersion = 15.4;
						TestTargetID = E32439A42C80A36C0081D57E;
					};
				};
			};
			buildConfigurationList = E32439A02C80A36C0081D57E /* Build configuration list for PBXProject "MovieWatchList" */;
			compatibilityVersion = "Xcode 14.0";
			developmentRegion = en;
			hasScannedForEncodings = 0;
			knownRegions = (
				en,
				Base,
			);
			mainGroup = E324399C2C80A36C0081D57E;
			productRefGroup = E32439A62C80A36C0081D57E /* Products */;
			projectDirPath = "";
			projectRoot = "";
			targets = (
				E32439A42C80A36C0081D57E /* MovieWatchList */,
				E32439B42C80A36C0081D57E /* MovieWatchListTests */,
				E32439BE2C80A36C0081D57E /* MovieWatchListUITests */,
			);
		};
/* End PBXProject section */

/* Begin PBXResourcesBuildPhase section */
		E32439A32C80A36C0081D57E /* Resources */ = {
			isa = PBXResourcesBuildPhase;
			buildActionMask = 2147483647;
			files = (
				E32439B02C80A36C0081D57E /* Preview Assets.xcassets in Resources */,
				E32439E22C80A7510081D57E /* tmdbapi.plist in Resources */,
				E32439AD2C80A36C0081D57E /* Assets.xcassets in Resources */,
			);
			runOnlyForDeploymentPostprocessing = 0;
		};
		E32439B32C80A36C0081D57E /* Resources */ = {
			isa = PBXResourcesBuildPhase;
			buildActionMask = 2147483647;
			files = (
			);
			runOnlyForDeploymentPostprocessing = 0;
		};
		E32439BD2C80A36C0081D57E /* Resources */ = {
			isa = PBXResourcesBuildPhase;
			buildActionMask = 2147483647;
			files = (
			);
			runOnlyForDeploymentPostprocessing = 0;
		};
/* End PBXResourcesBuildPhase section */

/* Begin PBXSourcesBuildPhase section */
		E32439A12C80A36C0081D57E /* Sources */ = {
			isa = PBXSourcesBuildPhase;
			buildActionMask = 2147483647;
			files = (
				E3F45E382C8B61940049A053 /* WatchedViewModel.swift in Sources */,
				E3F45E362C8B61320049A053 /* WatchListViewModel.swift in Sources */,
				E32439EC2C80AF390081D57E /* MovieDetailView.swift in Sources */,
				E32439EA2C80A9C70081D57E /* SearchView.swift in Sources */,
				E3F45E2C2C8B48AD0049A053 /* SplashViewModel.swift in Sources */,
				E32439D52C80A3DA0081D57E /* onboardingView.swift in Sources */,
				E38933BF2C816EF000F1F477 /* MovieStorage.swift in Sources */,
				E3243A032C816C920081D57E /* WatchedView.swift in Sources */,
				E32439E42C80A7960081D57E /* Movie.swift in Sources */,
				E3F45E342C8B5B5D0049A053 /* MovieDetailViewModel.swift in Sources */,
				E32439E82C80A8360081D57E /* PopularMoviesView.swift in Sources */,
				E3F45E302C8B4B910049A053 /* PopularMoviesViewModel.swift in Sources */,
				E32439A92C80A36C0081D57E /* MovieWatchListApp.swift in Sources */,
				E3F45E2E2C8B495D0049A053 /* OnboardingViewModel.swift in Sources */,
				E32439E02C80A6870081D57E /* HomeView.swift in Sources */,
				E32439D32C80A38B0081D57E /* SplashView.swift in Sources */,
				E3F45E322C8B4C5A0049A053 /* SearchViewModel.swift in Sources */,
				E3243A012C816C610081D57E /* WatchListView.swift in Sources */,
				E32439E62C80A7DD0081D57E /* MovieService.swift in Sources */,
			);
			runOnlyForDeploymentPostprocessing = 0;
		};
		E32439B12C80A36C0081D57E /* Sources */ = {
			isa = PBXSourcesBuildPhase;
			buildActionMask = 2147483647;
			files = (
				E32439BA2C80A36C0081D57E /* MovieWatchListTests.swift in Sources */,
			);
			runOnlyForDeploymentPostprocessing = 0;
		};
		E32439BB2C80A36C0081D57E /* Sources */ = {
			isa = PBXSourcesBuildPhase;
			buildActionMask = 2147483647;
			files = (
				E32439C42C80A36C0081D57E /* MovieWatchListUITests.swift in Sources */,
				E32439C62C80A36C0081D57E /* MovieWatchListUITestsLaunchTests.swift in Sources */,
			);
			runOnlyForDeploymentPostprocessing = 0;
		};
/* End PBXSourcesBuildPhase section */

/* Begin PBXTargetDependency section */
		E32439B72C80A36C0081D57E /* PBXTargetDependency */ = {
			isa = PBXTargetDependency;
			target = E32439A42C80A36C0081D57E /* MovieWatchList */;
			targetProxy = E32439B62C80A36C0081D57E /* PBXContainerItemProxy */;
		};
		E32439C12C80A36C0081D57E /* PBXTargetDependency */ = {
			isa = PBXTargetDependency;
			target = E32439A42C80A36C0081D57E /* MovieWatchList */;
			targetProxy = E32439C02C80A36C0081D57E /* PBXContainerItemProxy */;
		};
/* End PBXTargetDependency section */

/* Begin XCBuildConfiguration section */
		E32439C72C80A36C0081D57E /* Debug */ = {
			isa = XCBuildConfiguration;
			buildSettings = {
				ALWAYS_SEARCH_USER_PATHS = NO;
				ASSETCATALOG_COMPILER_GENERATE_SWIFT_ASSET_SYMBOL_EXTENSIONS = YES;
				CLANG_ANALYZER_NONNULL = YES;
				CLANG_ANALYZER_NUMBER_OBJECT_CONVERSION = YES_AGGRESSIVE;
				CLANG_CXX_LANGUAGE_STANDARD = "gnu++20";
				CLANG_ENABLE_MODULES = YES;
				CLANG_ENABLE_OBJC_ARC = YES;
				CLANG_ENABLE_OBJC_WEAK = YES;
				CLANG_WARN_BLOCK_CAPTURE_AUTORELEASING = YES;
				CLANG_WARN_BOOL_CONVERSION = YES;
				CLANG_WARN_COMMA = YES;
				CLANG_WARN_CONSTANT_CONVERSION = YES;
				CLANG_WARN_DEPRECATED_OBJC_IMPLEMENTATIONS = YES;
				CLANG_WARN_DIRECT_OBJC_ISA_USAGE = YES_ERROR;
				CLANG_WARN_DOCUMENTATION_COMMENTS = YES;
				CLANG_WARN_EMPTY_BODY = YES;
				CLANG_WARN_ENUM_CONVERSION = YES;
				CLANG_WARN_INFINITE_RECURSION = YES;
				CLANG_WARN_INT_CONVERSION = YES;
				CLANG_WARN_NON_LITERAL_NULL_CONVERSION = YES;
				CLANG_WARN_OBJC_IMPLICIT_RETAIN_SELF = YES;
				CLANG_WARN_OBJC_LITERAL_CONVERSION = YES;
				CLANG_WARN_OBJC_ROOT_CLASS = YES_ERROR;
				CLANG_WARN_QUOTED_INCLUDE_IN_FRAMEWORK_HEADER = YES;
				CLANG_WARN_RANGE_LOOP_ANALYSIS = YES;
				CLANG_WARN_STRICT_PROTOTYPES = YES;
				CLANG_WARN_SUSPICIOUS_MOVE = YES;
				CLANG_WARN_UNGUARDED_AVAILABILITY = YES_AGGRESSIVE;
				CLANG_WARN_UNREACHABLE_CODE = YES;
				CLANG_WARN__DUPLICATE_METHOD_MATCH = YES;
				COPY_PHASE_STRIP = NO;
				DEBUG_INFORMATION_FORMAT = dwarf;
				ENABLE_STRICT_OBJC_MSGSEND = YES;
				ENABLE_TESTABILITY = YES;
				ENABLE_USER_SCRIPT_SANDBOXING = YES;
				GCC_C_LANGUAGE_STANDARD = gnu17;
				GCC_DYNAMIC_NO_PIC = NO;
				GCC_NO_COMMON_BLOCKS = YES;
				GCC_OPTIMIZATION_LEVEL = 0;
				GCC_PREPROCESSOR_DEFINITIONS = (
					"DEBUG=1",
					"$(inherited)",
				);
				GCC_WARN_64_TO_32_BIT_CONVERSION = YES;
				GCC_WARN_ABOUT_RETURN_TYPE = YES_ERROR;
				GCC_WARN_UNDECLARED_SELECTOR = YES;
				GCC_WARN_UNINITIALIZED_AUTOS = YES_AGGRESSIVE;
				GCC_WARN_UNUSED_FUNCTION = YES;
				GCC_WARN_UNUSED_VARIABLE = YES;
				IPHONEOS_DEPLOYMENT_TARGET = 17.5;
				LOCALIZATION_PREFERS_STRING_CATALOGS = YES;
				MTL_ENABLE_DEBUG_INFO = INCLUDE_SOURCE;
				MTL_FAST_MATH = YES;
				ONLY_ACTIVE_ARCH = YES;
				SDKROOT = iphoneos;
				SWIFT_ACTIVE_COMPILATION_CONDITIONS = "DEBUG $(inherited)";
				SWIFT_OPTIMIZATION_LEVEL = "-Onone";
			};
			name = Debug;
		};
		E32439C82C80A36C0081D57E /* Release */ = {
			isa = XCBuildConfiguration;
			buildSettings = {
				ALWAYS_SEARCH_USER_PATHS = NO;
				ASSETCATALOG_COMPILER_GENERATE_SWIFT_ASSET_SYMBOL_EXTENSIONS = YES;
				CLANG_ANALYZER_NONNULL = YES;
				CLANG_ANALYZER_NUMBER_OBJECT_CONVERSION = YES_AGGRESSIVE;
				CLANG_CXX_LANGUAGE_STANDARD = "gnu++20";
				CLANG_ENABLE_MODULES = YES;
				CLANG_ENABLE_OBJC_ARC = YES;
				CLANG_ENABLE_OBJC_WEAK = YES;
				CLANG_WARN_BLOCK_CAPTURE_AUTORELEASING = YES;
				CLANG_WARN_BOOL_CONVERSION = YES;
				CLANG_WARN_COMMA = YES;
				CLANG_WARN_CONSTANT_CONVERSION = YES;
				CLANG_WARN_DEPRECATED_OBJC_IMPLEMENTATIONS = YES;
				CLANG_WARN_DIRECT_OBJC_ISA_USAGE = YES_ERROR;
				CLANG_WARN_DOCUMENTATION_COMMENTS = YES;
				CLANG_WARN_EMPTY_BODY = YES;
				CLANG_WARN_ENUM_CONVERSION = YES;
				CLANG_WARN_INFINITE_RECURSION = YES;
				CLANG_WARN_INT_CONVERSION = YES;
				CLANG_WARN_NON_LITERAL_NULL_CONVERSION = YES;
				CLANG_WARN_OBJC_IMPLICIT_RETAIN_SELF = YES;
				CLANG_WARN_OBJC_LITERAL_CONVERSION = YES;
				CLANG_WARN_OBJC_ROOT_CLASS = YES_ERROR;
				CLANG_WARN_QUOTED_INCLUDE_IN_FRAMEWORK_HEADER = YES;
				CLANG_WARN_RANGE_LOOP_ANALYSIS = YES;
				CLANG_WARN_STRICT_PROTOTYPES = YES;
				CLANG_WARN_SUSPICIOUS_MOVE = YES;
				CLANG_WARN_UNGUARDED_AVAILABILITY = YES_AGGRESSIVE;
				CLANG_WARN_UNREACHABLE_CODE = YES;
				CLANG_WARN__DUPLICATE_METHOD_MATCH = YES;
				COPY_PHASE_STRIP = NO;
				DEBUG_INFORMATION_FORMAT = "dwarf-with-dsym";
				ENABLE_NS_ASSERTIONS = NO;
				ENABLE_STRICT_OBJC_MSGSEND = YES;
				ENABLE_USER_SCRIPT_SANDBOXING = YES;
				GCC_C_LANGUAGE_STANDARD = gnu17;
				GCC_NO_COMMON_BLOCKS = YES;
				GCC_WARN_64_TO_32_BIT_CONVERSION = YES;
				GCC_WARN_ABOUT_RETURN_TYPE = YES_ERROR;
				GCC_WARN_UNDECLARED_SELECTOR = YES;
				GCC_WARN_UNINITIALIZED_AUTOS = YES_AGGRESSIVE;
				GCC_WARN_UNUSED_FUNCTION = YES;
				GCC_WARN_UNUSED_VARIABLE = YES;
				IPHONEOS_DEPLOYMENT_TARGET = 17.5;
				LOCALIZATION_PREFERS_STRING_CATALOGS = YES;
				MTL_ENABLE_DEBUG_INFO = NO;
				MTL_FAST_MATH = YES;
				SDKROOT = iphoneos;
				SWIFT_COMPILATION_MODE = wholemodule;
				VALIDATE_PRODUCT = YES;
			};
			name = Release;
		};
		E32439CA2C80A36C0081D57E /* Debug */ = {
			isa = XCBuildConfiguration;
			buildSettings = {
				ASSETCATALOG_COMPILER_APPICON_NAME = AppIcon;
				ASSETCATALOG_COMPILER_GLOBAL_ACCENT_COLOR_NAME = AccentColor;
				CODE_SIGN_STYLE = Automatic;
				CURRENT_PROJECT_VERSION = 1;
				DEVELOPMENT_ASSET_PATHS = "\"MovieWatchList/Preview Content\"";
				DEVELOPMENT_TEAM = TRC479NNCH;
				ENABLE_PREVIEWS = YES;
				GENERATE_INFOPLIST_FILE = YES;
				INFOPLIST_KEY_CFBundleDisplayName = "Movie Tracker";
				INFOPLIST_KEY_UIApplicationSceneManifest_Generation = YES;
				INFOPLIST_KEY_UIApplicationSupportsIndirectInputEvents = YES;
				INFOPLIST_KEY_UILaunchScreen_Generation = YES;
				INFOPLIST_KEY_UISupportedInterfaceOrientations_iPad = "UIInterfaceOrientationPortrait UIInterfaceOrientationPortraitUpsideDown UIInterfaceOrientationLandscapeLeft UIInterfaceOrientationLandscapeRight";
				INFOPLIST_KEY_UISupportedInterfaceOrientations_iPhone = "UIInterfaceOrientationPortrait UIInterfaceOrientationLandscapeLeft UIInterfaceOrientationLandscapeRight";
				LD_RUNPATH_SEARCH_PATHS = (
					"$(inherited)",
					"@executable_path/Frameworks",
				);
				MARKETING_VERSION = 1.0;
				PRODUCT_BUNDLE_IDENTIFIER = personal.MovieWatchList;
				PRODUCT_NAME = "$(TARGET_NAME)";
				SWIFT_EMIT_LOC_STRINGS = YES;
				SWIFT_VERSION = 5.0;
				TARGETED_DEVICE_FAMILY = "1,2";
			};
			name = Debug;
		};
		E32439CB2C80A36C0081D57E /* Release */ = {
			isa = XCBuildConfiguration;
			buildSettings = {
				ASSETCATALOG_COMPILER_APPICON_NAME = AppIcon;
				ASSETCATALOG_COMPILER_GLOBAL_ACCENT_COLOR_NAME = AccentColor;
				CODE_SIGN_STYLE = Automatic;
				CURRENT_PROJECT_VERSION = 1;
				DEVELOPMENT_ASSET_PATHS = "\"MovieWatchList/Preview Content\"";
				DEVELOPMENT_TEAM = TRC479NNCH;
				ENABLE_PREVIEWS = YES;
				GENERATE_INFOPLIST_FILE = YES;
				INFOPLIST_KEY_CFBundleDisplayName = "Movie Tracker";
				INFOPLIST_KEY_UIApplicationSceneManifest_Generation = YES;
				INFOPLIST_KEY_UIApplicationSupportsIndirectInputEvents = YES;
				INFOPLIST_KEY_UILaunchScreen_Generation = YES;
				INFOPLIST_KEY_UISupportedInterfaceOrientations_iPad = "UIInterfaceOrientationPortrait UIInterfaceOrientationPortraitUpsideDown UIInterfaceOrientationLandscapeLeft UIInterfaceOrientationLandscapeRight";
				INFOPLIST_KEY_UISupportedInterfaceOrientations_iPhone = "UIInterfaceOrientationPortrait UIInterfaceOrientationLandscapeLeft UIInterfaceOrientationLandscapeRight";
				LD_RUNPATH_SEARCH_PATHS = (
					"$(inherited)",
					"@executable_path/Frameworks",
				);
				MARKETING_VERSION = 1.0;
				PRODUCT_BUNDLE_IDENTIFIER = personal.MovieWatchList;
				PRODUCT_NAME = "$(TARGET_NAME)";
				SWIFT_EMIT_LOC_STRINGS = YES;
				SWIFT_VERSION = 5.0;
				TARGETED_DEVICE_FAMILY = "1,2";
			};
			name = Release;
		};
		E32439CD2C80A36C0081D57E /* Debug */ = {
			isa = XCBuildConfiguration;
			buildSettings = {
				ALWAYS_EMBED_SWIFT_STANDARD_LIBRARIES = YES;
				BUNDLE_LOADER = "$(TEST_HOST)";
				CODE_SIGN_STYLE = Automatic;
				CURRENT_PROJECT_VERSION = 1;
				GENERATE_INFOPLIST_FILE = YES;
				IPHONEOS_DEPLOYMENT_TARGET = 17.5;
				MARKETING_VERSION = 1.0;
				PRODUCT_BUNDLE_IDENTIFIER = personal.MovieWatchListTests;
				PRODUCT_NAME = "$(TARGET_NAME)";
				SWIFT_EMIT_LOC_STRINGS = NO;
				SWIFT_VERSION = 5.0;
				TARGETED_DEVICE_FAMILY = "1,2";
				TEST_HOST = "$(BUILT_PRODUCTS_DIR)/MovieWatchList.app/$(BUNDLE_EXECUTABLE_FOLDER_PATH)/MovieWatchList";
			};
			name = Debug;
		};
		E32439CE2C80A36C0081D57E /* Release */ = {
			isa = XCBuildConfiguration;
			buildSettings = {
				ALWAYS_EMBED_SWIFT_STANDARD_LIBRARIES = YES;
				BUNDLE_LOADER = "$(TEST_HOST)";
				CODE_SIGN_STYLE = Automatic;
				CURRENT_PROJECT_VERSION = 1;
				GENERATE_INFOPLIST_FILE = YES;
				IPHONEOS_DEPLOYMENT_TARGET = 17.5;
				MARKETING_VERSION = 1.0;
				PRODUCT_BUNDLE_IDENTIFIER = personal.MovieWatchListTests;
				PRODUCT_NAME = "$(TARGET_NAME)";
				SWIFT_EMIT_LOC_STRINGS = NO;
				SWIFT_VERSION = 5.0;
				TARGETED_DEVICE_FAMILY = "1,2";
				TEST_HOST = "$(BUILT_PRODUCTS_DIR)/MovieWatchList.app/$(BUNDLE_EXECUTABLE_FOLDER_PATH)/MovieWatchList";
			};
			name = Release;
		};
		E32439D02C80A36C0081D57E /* Debug */ = {
			isa = XCBuildConfiguration;
			buildSettings = {
				ALWAYS_EMBED_SWIFT_STANDARD_LIBRARIES = YES;
				CODE_SIGN_STYLE = Automatic;
				CURRENT_PROJECT_VERSION = 1;
				GENERATE_INFOPLIST_FILE = YES;
				MARKETING_VERSION = 1.0;
				PRODUCT_BUNDLE_IDENTIFIER = personal.MovieWatchListUITests;
				PRODUCT_NAME = "$(TARGET_NAME)";
				SWIFT_EMIT_LOC_STRINGS = NO;
				SWIFT_VERSION = 5.0;
				TARGETED_DEVICE_FAMILY = "1,2";
				TEST_TARGET_NAME = MovieWatchList;
			};
			name = Debug;
		};
		E32439D12C80A36C0081D57E /* Release */ = {
			isa = XCBuildConfiguration;
			buildSettings = {
				ALWAYS_EMBED_SWIFT_STANDARD_LIBRARIES = YES;
				CODE_SIGN_STYLE = Automatic;
				CURRENT_PROJECT_VERSION = 1;
				GENERATE_INFOPLIST_FILE = YES;
				MARKETING_VERSION = 1.0;
				PRODUCT_BUNDLE_IDENTIFIER = personal.MovieWatchListUITests;
				PRODUCT_NAME = "$(TARGET_NAME)";
				SWIFT_EMIT_LOC_STRINGS = NO;
				SWIFT_VERSION = 5.0;
				TARGETED_DEVICE_FAMILY = "1,2";
				TEST_TARGET_NAME = MovieWatchList;
			};
			name = Release;
		};
/* End XCBuildConfiguration section */

/* Begin XCConfigurationList section */
		E32439A02C80A36C0081D57E /* Build configuration list for PBXProject "MovieWatchList" */ = {
			isa = XCConfigurationList;
			buildConfigurations = (
				E32439C72C80A36C0081D57E /* Debug */,
				E32439C82C80A36C0081D57E /* Release */,
			);
			defaultConfigurationIsVisible = 0;
			defaultConfigurationName = Release;
		};
		E32439C92C80A36C0081D57E /* Build configuration list for PBXNativeTarget "MovieWatchList" */ = {
			isa = XCConfigurationList;
			buildConfigurations = (
				E32439CA2C80A36C0081D57E /* Debug */,
				E32439CB2C80A36C0081D57E /* Release */,
			);
			defaultConfigurationIsVisible = 0;
			defaultConfigurationName = Release;
		};
		E32439CC2C80A36C0081D57E /* Build configuration list for PBXNativeTarget "MovieWatchListTests" */ = {
			isa = XCConfigurationList;
			buildConfigurations = (
				E32439CD2C80A36C0081D57E /* Debug */,
				E32439CE2C80A36C0081D57E /* Release */,
			);
			defaultConfigurationIsVisible = 0;
			defaultConfigurationName = Release;
		};
		E32439CF2C80A36C0081D57E /* Build configuration list for PBXNativeTarget "MovieWatchListUITests" */ = {
			isa = XCConfigurationList;
			buildConfigurations = (
				E32439D02C80A36C0081D57E /* Debug */,
				E32439D12C80A36C0081D57E /* Release */,
			);
			defaultConfigurationIsVisible = 0;
			defaultConfigurationName = Release;
		};
/* End XCConfigurationList section */
	};
	rootObject = E324399D2C80A36C0081D57E /* Project object */;
}
